// !$*UTF8*$!
{
	archiveVersion = 1;
	classes = {
	};
	objectVersion = 50;
	objects = {

/* Begin PBXBuildFile section */
		B077ED18212881890001CBAA /* Storage.swift in Sources */ = {isa = PBXBuildFile; fileRef = B077ED17212881890001CBAA /* Storage.swift */; };
		B0B9684A2124A5910002410B /* AppDelegate.swift in Sources */ = {isa = PBXBuildFile; fileRef = B0B968492124A5910002410B /* AppDelegate.swift */; };
		B0B9684C2124A5910002410B /* RandomizeViewController.swift in Sources */ = {isa = PBXBuildFile; fileRef = B0B9684B2124A5910002410B /* RandomizeViewController.swift */; };
		B0B968512124A5930002410B /* Assets.xcassets in Resources */ = {isa = PBXBuildFile; fileRef = B0B968502124A5930002410B /* Assets.xcassets */; };
		B0B968542124A5930002410B /* LaunchScreen.storyboard in Resources */ = {isa = PBXBuildFile; fileRef = B0B968522124A5930002410B /* LaunchScreen.storyboard */; };
		B0B9685F2124A5930002410B /* RandomizerTests.swift in Sources */ = {isa = PBXBuildFile; fileRef = B0B9685E2124A5930002410B /* RandomizerTests.swift */; };
		B0B9686B2124A5BB0002410B /* Group.swift in Sources */ = {isa = PBXBuildFile; fileRef = B0B9686A2124A5BB0002410B /* Group.swift */; };
		B0B9686D2124A6010002410B /* Person.swift in Sources */ = {isa = PBXBuildFile; fileRef = B0B9686C2124A6010002410B /* Person.swift */; };
		B0B9686F2124A7BB0002410B /* Randomizer.swift in Sources */ = {isa = PBXBuildFile; fileRef = B0B9686E2124A7BB0002410B /* Randomizer.swift */; };
		B0B968722124ACFB0002410B /* Array+Extensions.swift in Sources */ = {isa = PBXBuildFile; fileRef = B0B968712124ACFB0002410B /* Array+Extensions.swift */; };
		B0B968732124B10E0002410B /* Randomizer.swift in Sources */ = {isa = PBXBuildFile; fileRef = B0B9686E2124A7BB0002410B /* Randomizer.swift */; };
		B0B968742124B1110002410B /* Person.swift in Sources */ = {isa = PBXBuildFile; fileRef = B0B9686C2124A6010002410B /* Person.swift */; };
		B0B968752124B1140002410B /* Group.swift in Sources */ = {isa = PBXBuildFile; fileRef = B0B9686A2124A5BB0002410B /* Group.swift */; };
		B0ED0D972127387C00313603 /* PersonListTableViewController.swift in Sources */ = {isa = PBXBuildFile; fileRef = B0ED0D962127387C00313603 /* PersonListTableViewController.swift */; };
		B0ED0D9921273AE200313603 /* PersonListTableViewCell.swift in Sources */ = {isa = PBXBuildFile; fileRef = B0ED0D9821273AE200313603 /* PersonListTableViewCell.swift */; };
		B0ED0D9B2128171900313603 /* GroupsListTableViewController.swift in Sources */ = {isa = PBXBuildFile; fileRef = B0ED0D9A2128171900313603 /* GroupsListTableViewController.swift */; };
/* End PBXBuildFile section */

/* Begin PBXContainerItemProxy section */
		B0B9685B2124A5930002410B /* PBXContainerItemProxy */ = {
			isa = PBXContainerItemProxy;
			containerPortal = B0B9683E2124A5910002410B /* Project object */;
			proxyType = 1;
			remoteGlobalIDString = B0B968452124A5910002410B;
			remoteInfo = GroupRandomizer;
		};
/* End PBXContainerItemProxy section */

/* Begin PBXFileReference section */
		B077ED17212881890001CBAA /* Storage.swift */ = {isa = PBXFileReference; lastKnownFileType = sourcecode.swift; path = Storage.swift; sourceTree = "<group>"; };
		B0B968462124A5910002410B /* GroupRandomizer.app */ = {isa = PBXFileReference; explicitFileType = wrapper.application; includeInIndex = 0; path = GroupRandomizer.app; sourceTree = BUILT_PRODUCTS_DIR; };
		B0B968492124A5910002410B /* AppDelegate.swift */ = {isa = PBXFileReference; lastKnownFileType = sourcecode.swift; path = AppDelegate.swift; sourceTree = "<group>"; };
		B0B9684B2124A5910002410B /* RandomizeViewController.swift */ = {isa = PBXFileReference; lastKnownFileType = sourcecode.swift; path = RandomizeViewController.swift; sourceTree = "<group>"; };
		B0B968502124A5930002410B /* Assets.xcassets */ = {isa = PBXFileReference; lastKnownFileType = folder.assetcatalog; path = Assets.xcassets; sourceTree = "<group>"; };
		B0B968532124A5930002410B /* Base */ = {isa = PBXFileReference; lastKnownFileType = file.storyboard; name = Base; path = Base.lproj/LaunchScreen.storyboard; sourceTree = "<group>"; };
		B0B968552124A5930002410B /* Info.plist */ = {isa = PBXFileReference; lastKnownFileType = text.plist.xml; path = Info.plist; sourceTree = "<group>"; };
		B0B9685A2124A5930002410B /* GroupRandomizerTests.xctest */ = {isa = PBXFileReference; explicitFileType = wrapper.cfbundle; includeInIndex = 0; path = GroupRandomizerTests.xctest; sourceTree = BUILT_PRODUCTS_DIR; };
		B0B9685E2124A5930002410B /* RandomizerTests.swift */ = {isa = PBXFileReference; lastKnownFileType = sourcecode.swift; path = RandomizerTests.swift; sourceTree = "<group>"; };
		B0B968602124A5930002410B /* Info.plist */ = {isa = PBXFileReference; lastKnownFileType = text.plist.xml; path = Info.plist; sourceTree = "<group>"; };
		B0B9686A2124A5BB0002410B /* Group.swift */ = {isa = PBXFileReference; lastKnownFileType = sourcecode.swift; path = Group.swift; sourceTree = "<group>"; };
		B0B9686C2124A6010002410B /* Person.swift */ = {isa = PBXFileReference; lastKnownFileType = sourcecode.swift; path = Person.swift; sourceTree = "<group>"; };
		B0B9686E2124A7BB0002410B /* Randomizer.swift */ = {isa = PBXFileReference; lastKnownFileType = sourcecode.swift; path = Randomizer.swift; sourceTree = "<group>"; };
		B0B968712124ACFB0002410B /* Array+Extensions.swift */ = {isa = PBXFileReference; lastKnownFileType = sourcecode.swift; path = "Array+Extensions.swift"; sourceTree = "<group>"; };
		B0ED0D962127387C00313603 /* PersonListTableViewController.swift */ = {isa = PBXFileReference; lastKnownFileType = sourcecode.swift; path = PersonListTableViewController.swift; sourceTree = "<group>"; };
		B0ED0D9821273AE200313603 /* PersonListTableViewCell.swift */ = {isa = PBXFileReference; lastKnownFileType = sourcecode.swift; path = PersonListTableViewCell.swift; sourceTree = "<group>"; };
		B0ED0D9A2128171900313603 /* GroupsListTableViewController.swift */ = {isa = PBXFileReference; lastKnownFileType = sourcecode.swift; path = GroupsListTableViewController.swift; sourceTree = "<group>"; };
		B0ED0D9C2128285700313603 /* README.md */ = {isa = PBXFileReference; lastKnownFileType = net.daringfireball.markdown; path = README.md; sourceTree = "<group>"; };
/* End PBXFileReference section */

/* Begin PBXFrameworksBuildPhase section */
		B0B968432124A5910002410B /* Frameworks */ = {
			isa = PBXFrameworksBuildPhase;
			buildActionMask = 2147483647;
			files = (
			);
			runOnlyForDeploymentPostprocessing = 0;
		};
		B0B968572124A5930002410B /* Frameworks */ = {
			isa = PBXFrameworksBuildPhase;
			buildActionMask = 2147483647;
			files = (
			);
			runOnlyForDeploymentPostprocessing = 0;
		};
/* End PBXFrameworksBuildPhase section */

/* Begin PBXGroup section */
		B077ED19212881900001CBAA /* Storage */ = {
			isa = PBXGroup;
			children = (
				B077ED17212881890001CBAA /* Storage.swift */,
			);
			path = Storage;
			sourceTree = "<group>";
		};
		B0B9683D2124A5910002410B = {
			isa = PBXGroup;
			children = (
				B0ED0D9C2128285700313603 /* README.md */,
				B0B968482124A5910002410B /* GroupRandomizer */,
				B0B9685D2124A5930002410B /* GroupRandomizerTests */,
				B0B968472124A5910002410B /* Products */,
			);
			sourceTree = "<group>";
		};
		B0B968472124A5910002410B /* Products */ = {
			isa = PBXGroup;
			children = (
				B0B968462124A5910002410B /* GroupRandomizer.app */,
				B0B9685A2124A5930002410B /* GroupRandomizerTests.xctest */,
			);
			name = Products;
			sourceTree = "<group>";
		};
		B0B968482124A5910002410B /* GroupRandomizer */ = {
			isa = PBXGroup;
			children = (
				B0B968552124A5930002410B /* Info.plist */,
				B0B968762124B6B90002410B /* Base */,
				B0B968702124ACE70002410B /* Extensions */,
				B077ED19212881900001CBAA /* Storage */,
				B0B968692124A5A40002410B /* Randomizer */,
				B0B968782124B6DD0002410B /* ViewController */,
			);
			path = GroupRandomizer;
			sourceTree = "<group>";
		};
		B0B9685D2124A5930002410B /* GroupRandomizerTests */ = {
			isa = PBXGroup;
			children = (
				B0B9685E2124A5930002410B /* RandomizerTests.swift */,
				B0B968602124A5930002410B /* Info.plist */,
			);
			path = GroupRandomizerTests;
			sourceTree = "<group>";
		};
		B0B968692124A5A40002410B /* Randomizer */ = {
			isa = PBXGroup;
			children = (
				B0B9686A2124A5BB0002410B /* Group.swift */,
				B0B9686C2124A6010002410B /* Person.swift */,
				B0B9686E2124A7BB0002410B /* Randomizer.swift */,
			);
			path = Randomizer;
			sourceTree = "<group>";
		};
		B0B968702124ACE70002410B /* Extensions */ = {
			isa = PBXGroup;
			children = (
				B0B968712124ACFB0002410B /* Array+Extensions.swift */,
			);
			path = Extensions;
			sourceTree = "<group>";
		};
		B0B968762124B6B90002410B /* Base */ = {
			isa = PBXGroup;
			children = (
				B0B968492124A5910002410B /* AppDelegate.swift */,
				B0B968522124A5930002410B /* LaunchScreen.storyboard */,
				B0B968502124A5930002410B /* Assets.xcassets */,
			);
			path = Base;
			sourceTree = "<group>";
		};
		B0B968782124B6DD0002410B /* ViewController */ = {
			isa = PBXGroup;
			children = (
				B0B9684B2124A5910002410B /* RandomizeViewController.swift */,
				B0ED0D962127387C00313603 /* PersonListTableViewController.swift */,
				B0ED0D9821273AE200313603 /* PersonListTableViewCell.swift */,
				B0ED0D9A2128171900313603 /* GroupsListTableViewController.swift */,
			);
			path = ViewController;
			sourceTree = "<group>";
		};
/* End PBXGroup section */

/* Begin PBXNativeTarget section */
		B0B968452124A5910002410B /* GroupRandomizer */ = {
			isa = PBXNativeTarget;
			buildConfigurationList = B0B968632124A5930002410B /* Build configuration list for PBXNativeTarget "GroupRandomizer" */;
			buildPhases = (
				B0B968422124A5910002410B /* Sources */,
				B0B968432124A5910002410B /* Frameworks */,
				B0B968442124A5910002410B /* Resources */,
			);
			buildRules = (
			);
			dependencies = (
			);
			name = GroupRandomizer;
			productName = GroupRandomizer;
			productReference = B0B968462124A5910002410B /* GroupRandomizer.app */;
			productType = "com.apple.product-type.application";
		};
		B0B968592124A5930002410B /* GroupRandomizerTests */ = {
			isa = PBXNativeTarget;
			buildConfigurationList = B0B968662124A5930002410B /* Build configuration list for PBXNativeTarget "GroupRandomizerTests" */;
			buildPhases = (
				B0B968562124A5930002410B /* Sources */,
				B0B968572124A5930002410B /* Frameworks */,
				B0B968582124A5930002410B /* Resources */,
			);
			buildRules = (
			);
			dependencies = (
				B0B9685C2124A5930002410B /* PBXTargetDependency */,
			);
			name = GroupRandomizerTests;
			productName = GroupRandomizerTests;
			productReference = B0B9685A2124A5930002410B /* GroupRandomizerTests.xctest */;
			productType = "com.apple.product-type.bundle.unit-test";
		};
/* End PBXNativeTarget section */

/* Begin PBXProject section */
		B0B9683E2124A5910002410B /* Project object */ = {
			isa = PBXProject;
			attributes = {
				LastSwiftUpdateCheck = 1000;
				LastUpgradeCheck = 1000;
				ORGANIZATIONNAME = "Domenic Wüthrich";
				TargetAttributes = {
					B0B968452124A5910002410B = {
						CreatedOnToolsVersion = 10.0;
					};
					B0B968592124A5930002410B = {
						CreatedOnToolsVersion = 10.0;
						TestTargetID = B0B968452124A5910002410B;
					};
				};
			};
			buildConfigurationList = B0B968412124A5910002410B /* Build configuration list for PBXProject "GroupRandomizer" */;
			compatibilityVersion = "Xcode 9.3";
			developmentRegion = en;
			hasScannedForEncodings = 0;
			knownRegions = (
				en,
				Base,
			);
			mainGroup = B0B9683D2124A5910002410B;
			productRefGroup = B0B968472124A5910002410B /* Products */;
			projectDirPath = "";
			projectRoot = "";
			targets = (
				B0B968452124A5910002410B /* GroupRandomizer */,
				B0B968592124A5930002410B /* GroupRandomizerTests */,
			);
		};
/* End PBXProject section */

/* Begin PBXResourcesBuildPhase section */
		B0B968442124A5910002410B /* Resources */ = {
			isa = PBXResourcesBuildPhase;
			buildActionMask = 2147483647;
			files = (
				B0B968542124A5930002410B /* LaunchScreen.storyboard in Resources */,
				B0B968512124A5930002410B /* Assets.xcassets in Resources */,
			);
			runOnlyForDeploymentPostprocessing = 0;
		};
		B0B968582124A5930002410B /* Resources */ = {
			isa = PBXResourcesBuildPhase;
			buildActionMask = 2147483647;
			files = (
			);
			runOnlyForDeploymentPostprocessing = 0;
		};
/* End PBXResourcesBuildPhase section */

/* Begin PBXSourcesBuildPhase section */
		B0B968422124A5910002410B /* Sources */ = {
			isa = PBXSourcesBuildPhase;
			buildActionMask = 2147483647;
			files = (
				B0B9686B2124A5BB0002410B /* Group.swift in Sources */,
				B0ED0D9B2128171900313603 /* GroupsListTableViewController.swift in Sources */,
				B0B968722124ACFB0002410B /* Array+Extensions.swift in Sources */,
				B0B9686F2124A7BB0002410B /* Randomizer.swift in Sources */,
				B0B9684C2124A5910002410B /* RandomizeViewController.swift in Sources */,
				B0B9686D2124A6010002410B /* Person.swift in Sources */,
				B0B9684A2124A5910002410B /* AppDelegate.swift in Sources */,
				B0ED0D9921273AE200313603 /* PersonListTableViewCell.swift in Sources */,
				B0ED0D972127387C00313603 /* PersonListTableViewController.swift in Sources */,
				B077ED18212881890001CBAA /* Storage.swift in Sources */,
			);
			runOnlyForDeploymentPostprocessing = 0;
		};
		B0B968562124A5930002410B /* Sources */ = {
			isa = PBXSourcesBuildPhase;
			buildActionMask = 2147483647;
			files = (
				B0B968742124B1110002410B /* Person.swift in Sources */,
				B0B968732124B10E0002410B /* Randomizer.swift in Sources */,
				B0B9685F2124A5930002410B /* RandomizerTests.swift in Sources */,
				B0B968752124B1140002410B /* Group.swift in Sources */,
			);
			runOnlyForDeploymentPostprocessing = 0;
		};
/* End PBXSourcesBuildPhase section */

/* Begin PBXTargetDependency section */
		B0B9685C2124A5930002410B /* PBXTargetDependency */ = {
			isa = PBXTargetDependency;
			target = B0B968452124A5910002410B /* GroupRandomizer */;
			targetProxy = B0B9685B2124A5930002410B /* PBXContainerItemProxy */;
		};
/* End PBXTargetDependency section */

/* Begin PBXVariantGroup section */
		B0B968522124A5930002410B /* LaunchScreen.storyboard */ = {
			isa = PBXVariantGroup;
			children = (
				B0B968532124A5930002410B /* Base */,
			);
			name = LaunchScreen.storyboard;
			sourceTree = "<group>";
		};
/* End PBXVariantGroup section */

/* Begin XCBuildConfiguration section */
		B0B968612124A5930002410B /* Debug */ = {
			isa = XCBuildConfiguration;
			buildSettings = {
				ALWAYS_SEARCH_USER_PATHS = NO;
				CLANG_ANALYZER_NONNULL = YES;
				CLANG_ANALYZER_NUMBER_OBJECT_CONVERSION = YES_AGGRESSIVE;
				CLANG_CXX_LANGUAGE_STANDARD = "gnu++14";
				CLANG_CXX_LIBRARY = "libc++";
				CLANG_ENABLE_MODULES = YES;
				CLANG_ENABLE_OBJC_ARC = YES;
				CLANG_ENABLE_OBJC_WEAK = YES;
				CLANG_WARN_BLOCK_CAPTURE_AUTORELEASING = YES;
				CLANG_WARN_BOOL_CONVERSION = YES;
				CLANG_WARN_COMMA = YES;
				CLANG_WARN_CONSTANT_CONVERSION = YES;
				CLANG_WARN_DEPRECATED_OBJC_IMPLEMENTATIONS = YES;
				CLANG_WARN_DIRECT_OBJC_ISA_USAGE = YES_ERROR;
				CLANG_WARN_DOCUMENTATION_COMMENTS = YES;
				CLANG_WARN_EMPTY_BODY = YES;
				CLANG_WARN_ENUM_CONVERSION = YES;
				CLANG_WARN_INFINITE_RECURSION = YES;
				CLANG_WARN_INT_CONVERSION = YES;
				CLANG_WARN_NON_LITERAL_NULL_CONVERSION = YES;
				CLANG_WARN_OBJC_IMPLICIT_RETAIN_SELF = YES;
				CLANG_WARN_OBJC_LITERAL_CONVERSION = YES;
				CLANG_WARN_OBJC_ROOT_CLASS = YES_ERROR;
				CLANG_WARN_RANGE_LOOP_ANALYSIS = YES;
				CLANG_WARN_STRICT_PROTOTYPES = YES;
				CLANG_WARN_SUSPICIOUS_MOVE = YES;
				CLANG_WARN_UNGUARDED_AVAILABILITY = YES_AGGRESSIVE;
				CLANG_WARN_UNREACHABLE_CODE = YES;
				CLANG_WARN__DUPLICATE_METHOD_MATCH = YES;
				CODE_SIGN_IDENTITY = "iPhone Developer";
				COPY_PHASE_STRIP = NO;
				DEBUG_INFORMATION_FORMAT = dwarf;
				ENABLE_STRICT_OBJC_MSGSEND = YES;
				ENABLE_TESTABILITY = YES;
				GCC_C_LANGUAGE_STANDARD = gnu11;
				GCC_DYNAMIC_NO_PIC = NO;
				GCC_NO_COMMON_BLOCKS = YES;
				GCC_OPTIMIZATION_LEVEL = 0;
				GCC_PREPROCESSOR_DEFINITIONS = (
					"DEBUG=1",
					"$(inherited)",
				);
				GCC_WARN_64_TO_32_BIT_CONVERSION = YES;
				GCC_WARN_ABOUT_RETURN_TYPE = YES_ERROR;
				GCC_WARN_UNDECLARED_SELECTOR = YES;
				GCC_WARN_UNINITIALIZED_AUTOS = YES_AGGRESSIVE;
				GCC_WARN_UNUSED_FUNCTION = YES;
				GCC_WARN_UNUSED_VARIABLE = YES;
				IPHONEOS_DEPLOYMENT_TARGET = 12.0;
				MTL_ENABLE_DEBUG_INFO = INCLUDE_SOURCE;
				MTL_FAST_MATH = YES;
				ONLY_ACTIVE_ARCH = YES;
				SDKROOT = iphoneos;
				SWIFT_ACTIVE_COMPILATION_CONDITIONS = DEBUG;
				SWIFT_OPTIMIZATION_LEVEL = "-Onone";
			};
			name = Debug;
		};
		B0B968622124A5930002410B /* Release */ = {
			isa = XCBuildConfiguration;
			buildSettings = {
				ALWAYS_SEARCH_USER_PATHS = NO;
				CLANG_ANALYZER_NONNULL = YES;
				CLANG_ANALYZER_NUMBER_OBJECT_CONVERSION = YES_AGGRESSIVE;
				CLANG_CXX_LANGUAGE_STANDARD = "gnu++14";
				CLANG_CXX_LIBRARY = "libc++";
				CLANG_ENABLE_MODULES = YES;
				CLANG_ENABLE_OBJC_ARC = YES;
				CLANG_ENABLE_OBJC_WEAK = YES;
				CLANG_WARN_BLOCK_CAPTURE_AUTORELEASING = YES;
				CLANG_WARN_BOOL_CONVERSION = YES;
				CLANG_WARN_COMMA = YES;
				CLANG_WARN_CONSTANT_CONVERSION = YES;
				CLANG_WARN_DEPRECATED_OBJC_IMPLEMENTATIONS = YES;
				CLANG_WARN_DIRECT_OBJC_ISA_USAGE = YES_ERROR;
				CLANG_WARN_DOCUMENTATION_COMMENTS = YES;
				CLANG_WARN_EMPTY_BODY = YES;
				CLANG_WARN_ENUM_CONVERSION = YES;
				CLANG_WARN_INFINITE_RECURSION = YES;
				CLANG_WARN_INT_CONVERSION = YES;
				CLANG_WARN_NON_LITERAL_NULL_CONVERSION = YES;
				CLANG_WARN_OBJC_IMPLICIT_RETAIN_SELF = YES;
				CLANG_WARN_OBJC_LITERAL_CONVERSION = YES;
				CLANG_WARN_OBJC_ROOT_CLASS = YES_ERROR;
				CLANG_WARN_RANGE_LOOP_ANALYSIS = YES;
				CLANG_WARN_STRICT_PROTOTYPES = YES;
				CLANG_WARN_SUSPICIOUS_MOVE = YES;
				CLANG_WARN_UNGUARDED_AVAILABILITY = YES_AGGRESSIVE;
				CLANG_WARN_UNREACHABLE_CODE = YES;
				CLANG_WARN__DUPLICATE_METHOD_MATCH = YES;
				CODE_SIGN_IDENTITY = "iPhone Developer";
				COPY_PHASE_STRIP = NO;
				DEBUG_INFORMATION_FORMAT = "dwarf-with-dsym";
				ENABLE_NS_ASSERTIONS = NO;
				ENABLE_STRICT_OBJC_MSGSEND = YES;
				GCC_C_LANGUAGE_STANDARD = gnu11;
				GCC_NO_COMMON_BLOCKS = YES;
				GCC_WARN_64_TO_32_BIT_CONVERSION = YES;
				GCC_WARN_ABOUT_RETURN_TYPE = YES_ERROR;
				GCC_WARN_UNDECLARED_SELECTOR = YES;
				GCC_WARN_UNINITIALIZED_AUTOS = YES_AGGRESSIVE;
				GCC_WARN_UNUSED_FUNCTION = YES;
				GCC_WARN_UNUSED_VARIABLE = YES;
				IPHONEOS_DEPLOYMENT_TARGET = 12.0;
				MTL_ENABLE_DEBUG_INFO = NO;
				MTL_FAST_MATH = YES;
				SDKROOT = iphoneos;
				SWIFT_COMPILATION_MODE = wholemodule;
				SWIFT_OPTIMIZATION_LEVEL = "-O";
				VALIDATE_PRODUCT = YES;
			};
			name = Release;
		};
		B0B968642124A5930002410B /* Debug */ = {
			isa = XCBuildConfiguration;
			buildSettings = {
				ASSETCATALOG_COMPILER_APPICON_NAME = AppIcon;
				CODE_SIGN_STYLE = Automatic;
				DEVELOPMENT_TEAM = 28J3L9UEGT;
				INFOPLIST_FILE = GroupRandomizer/Info.plist;
				IPHONEOS_DEPLOYMENT_TARGET = 11.0;
				LD_RUNPATH_SEARCH_PATHS = (
					"$(inherited)",
					"@executable_path/Frameworks",
				);
				PRODUCT_BUNDLE_IDENTIFIER = com.domenicw.GroupRandomizer;
				PRODUCT_NAME = "$(TARGET_NAME)";
				SWIFT_VERSION = 4.2;
				TARGETED_DEVICE_FAMILY = "1,2";
			};
			name = Debug;
		};
		B0B968652124A5930002410B /* Release */ = {
			isa = XCBuildConfiguration;
			buildSettings = {
				ASSETCATALOG_COMPILER_APPICON_NAME = AppIcon;
				CODE_SIGN_STYLE = Automatic;
				DEVELOPMENT_TEAM = 28J3L9UEGT;
				INFOPLIST_FILE = GroupRandomizer/Info.plist;
				IPHONEOS_DEPLOYMENT_TARGET = 11.0;
				LD_RUNPATH_SEARCH_PATHS = (
					"$(inherited)",
					"@executable_path/Frameworks",
				);
				PRODUCT_BUNDLE_IDENTIFIER = com.domenicw.GroupRandomizer;
				PRODUCT_NAME = "$(TARGET_NAME)";
				SWIFT_VERSION = 4.2;
				TARGETED_DEVICE_FAMILY = "1,2";
			};
			name = Release;
		};
		B0B968672124A5930002410B /* Debug */ = {
			isa = XCBuildConfiguration;
			buildSettings = {
				ALWAYS_EMBED_SWIFT_STANDARD_LIBRARIES = YES;
				BUNDLE_LOADER = "$(TEST_HOST)";
				CODE_SIGN_STYLE = Automatic;
				DEVELOPMENT_TEAM = 28J3L9UEGT;
				INFOPLIST_FILE = GroupRandomizerTests/Info.plist;
				LD_RUNPATH_SEARCH_PATHS = (
					"$(inherited)",
					"@executable_path/Frameworks",
					"@loader_path/Frameworks",
				);
				PRODUCT_BUNDLE_IDENTIFIER = com.domenicw.GroupRandomizerTests;
				PRODUCT_NAME = "$(TARGET_NAME)";
				SWIFT_VERSION = 4.2;
				TARGETED_DEVICE_FAMILY = "1,2";
				TEST_HOST = "$(BUILT_PRODUCTS_DIR)/GroupRandomizer.app/GroupRandomizer";
			};
			name = Debug;
		};
		B0B968682124A5930002410B /* Release */ = {
			isa = XCBuildConfiguration;
			buildSettings = {
				ALWAYS_EMBED_SWIFT_STANDARD_LIBRARIES = YES;
				BUNDLE_LOADER = "$(TEST_HOST)";
				CODE_SIGN_STYLE = Automatic;
				DEVELOPMENT_TEAM = 28J3L9UEGT;
				INFOPLIST_FILE = GroupRandomizerTests/Info.plist;
				LD_RUNPATH_SEARCH_PATHS = (
					"$(inherited)",
					"@executable_path/Frameworks",
					"@loader_path/Frameworks",
				);
				PRODUCT_BUNDLE_IDENTIFIER = com.domenicw.GroupRandomizerTests;
				PRODUCT_NAME = "$(TARGET_NAME)";
				SWIFT_VERSION = 4.2;
				TARGETED_DEVICE_FAMILY = "1,2";
				TEST_HOST = "$(BUILT_PRODUCTS_DIR)/GroupRandomizer.app/GroupRandomizer";
			};
			name = Release;
		};
/* End XCBuildConfiguration section */

/* Begin XCConfigurationList section */
		B0B968412124A5910002410B /* Build configuration list for PBXProject "GroupRandomizer" */ = {
			isa = XCConfigurationList;
			buildConfigurations = (
				B0B968612124A5930002410B /* Debug */,
				B0B968622124A5930002410B /* Release */,
			);
			defaultConfigurationIsVisible = 0;
			defaultConfigurationName = Release;
		};
		B0B968632124A5930002410B /* Build configuration list for PBXNativeTarget "GroupRandomizer" */ = {
			isa = XCConfigurationList;
			buildConfigurations = (
				B0B968642124A5930002410B /* Debug */,
				B0B968652124A5930002410B /* Release */,
			);
			defaultConfigurationIsVisible = 0;
			defaultConfigurationName = Release;
		};
		B0B968662124A5930002410B /* Build configuration list for PBXNativeTarget "GroupRandomizerTests" */ = {
			isa = XCConfigurationList;
			buildConfigurations = (
				B0B968672124A5930002410B /* Debug */,
				B0B968682124A5930002410B /* Release */,
			);
			defaultConfigurationIsVisible = 0;
			defaultConfigurationName = Release;
		};
/* End XCConfigurationList section */
	};
	rootObject = B0B9683E2124A5910002410B /* Project object */;
}
